
Microsoft Visual Studio Solution File, Format Version 12.00
# Visual Studio 14
VisualStudioVersion = 14.0.25420.1
MinimumVisualStudioVersion = 10.0.40219.1
Project("{F184B08F-C81C-45F6-A57F-5ABD9991F28F}") = "Pra_no_21.vb", "Pra_no_21.vb\Pra_no_21.vb.vbproj", "{9C4AC4EE-F2D2-4F78-92D6-ECB4FC45DEFB}"
EndProject
Global
	GlobalSection(SolutionConfigurationPlatforms) = preSolution
		Debug|Any CPU = Debug|Any CPU
		Release|Any CPU = Release|Any CPU
	EndGlobalSection
	GlobalSection(ProjectConfigurationPlatforms) = postSolution
		{9C4AC4EE-F2D2-4F78-92D6-ECB4FC45DEFB}.Debug|Any CPU.ActiveCfg = Debug|Any CPU
		{9C4AC4EE-F2D2-4F78-92D6-ECB4FC45DEFB}.Debug|Any CPU.Build.0 = Debug|Any CPU
		{9C4AC4EE-F2D2-4F78-92D6-ECB4FC45DEFB}.Release|Any CPU.ActiveCfg = Release|Any CPU
		{9C4AC4EE-F2D2-4F78-92D6-ECB4FC45DEFB}.Release|Any CPU.Build.0 = Release|Any CPU
	EndGlobalSection
	GlobalSection(SolutionProperties) = preSolution
		HideSolutionNode = FALSE
	EndGlobalSection
EndGlobal
