
Microsoft Visual Studio Solution File, Format Version 12.00
# Visual Studio 14
VisualStudioVersion = 14.0.25420.1
MinimumVisualStudioVersion = 10.0.40219.1
Project("{54435603-DBB4-11D2-8724-00A0C9A8B90C}") = "Setup1", "Setup1\Setup1.vdproj", "{0F4A0900-3A90-461F-8031-378A0EBA2346}"
EndProject
Global
	GlobalSection(SolutionConfigurationPlatforms) = preSolution
		Debug|Default = Debug|Default
		Release|Default = Release|Default
	EndGlobalSection
	GlobalSection(ProjectConfigurationPlatforms) = postSolution
		{0F4A0900-3A90-461F-8031-378A0EBA2346}.Debug|Default.ActiveCfg = Debug
		{0F4A0900-3A90-461F-8031-378A0EBA2346}.Debug|Default.Build.0 = Debug
		{0F4A0900-3A90-461F-8031-378A0EBA2346}.Release|Default.ActiveCfg = Release
		{0F4A0900-3A90-461F-8031-378A0EBA2346}.Release|Default.Build.0 = Release
	EndGlobalSection
	GlobalSection(SolutionProperties) = preSolution
		HideSolutionNode = FALSE
	EndGlobalSection
EndGlobal
