
Microsoft Visual Studio Solution File, Format Version 12.00
# Visual Studio 14
VisualStudioVersion = 14.0.25420.1
MinimumVisualStudioVersion = 10.0.40219.1
Project("{F184B08F-C81C-45F6-A57F-5ABD9991F28F}") = "Pra_no_8.vb", "Pra_no_8.vb\Pra_no_8.vb.vbproj", "{3F1E4DA2-0DD9-4012-AB55-73B75378FCB9}"
EndProject
Project("{54435603-DBB4-11D2-8724-00A0C9A8B90C}") = "Setup1", "Setup1\Setup1.vdproj", "{90737C96-9C08-452E-995C-91827B90A709}"
EndProject
Global
	GlobalSection(SolutionConfigurationPlatforms) = preSolution
		Debug|Any CPU = Debug|Any CPU
		Release|Any CPU = Release|Any CPU
	EndGlobalSection
	GlobalSection(ProjectConfigurationPlatforms) = postSolution
		{3F1E4DA2-0DD9-4012-AB55-73B75378FCB9}.Debug|Any CPU.ActiveCfg = Debug|Any CPU
		{3F1E4DA2-0DD9-4012-AB55-73B75378FCB9}.Debug|Any CPU.Build.0 = Debug|Any CPU
		{3F1E4DA2-0DD9-4012-AB55-73B75378FCB9}.Release|Any CPU.ActiveCfg = Release|Any CPU
		{3F1E4DA2-0DD9-4012-AB55-73B75378FCB9}.Release|Any CPU.Build.0 = Release|Any CPU
		{90737C96-9C08-452E-995C-91827B90A709}.Debug|Any CPU.ActiveCfg = Debug
		{90737C96-9C08-452E-995C-91827B90A709}.Release|Any CPU.ActiveCfg = Release
	EndGlobalSection
	GlobalSection(SolutionProperties) = preSolution
		HideSolutionNode = FALSE
	EndGlobalSection
EndGlobal
