
Microsoft Visual Studio Solution File, Format Version 11.00
# Visual Studio 2010
Project("{F184B08F-C81C-45F6-A57F-5ABD9991F28F}") = "FEE MANAGEMENT SYSTEM", "FEE MANAGEMENT SYSTEM\FEE MANAGEMENT SYSTEM.vbproj", "{B6AC17ED-34D0-480A-B2DD-124D962523CB}"
EndProject
Global
	GlobalSection(SolutionConfigurationPlatforms) = preSolution
		Debug|x86 = Debug|x86
		Release|x86 = Release|x86
	EndGlobalSection
	GlobalSection(ProjectConfigurationPlatforms) = postSolution
		{B6AC17ED-34D0-480A-B2DD-124D962523CB}.Debug|x86.ActiveCfg = Debug|x86
		{B6AC17ED-34D0-480A-B2DD-124D962523CB}.Debug|x86.Build.0 = Debug|x86
		{B6AC17ED-34D0-480A-B2DD-124D962523CB}.Release|x86.ActiveCfg = Release|x86
		{B6AC17ED-34D0-480A-B2DD-124D962523CB}.Release|x86.Build.0 = Release|x86
	EndGlobalSection
	GlobalSection(SolutionProperties) = preSolution
		HideSolutionNode = FALSE
	EndGlobalSection
EndGlobal
